
Microsoft Visual Studio Solution File, Format Version 12.00
# Visual Studio Version 16
VisualStudioVersion = 16.0.29509.3
MinimumVisualStudioVersion = 10.0.40219.1
Project("{00D1A9C2-B5F0-4AF3-8072-F6C62B433612}") = "Database1", "Database1\Database1.sqlproj", "{91387422-3A20-491C-A3CD-6B32C8DD076B}"
EndProject
Global
	GlobalSection(SolutionConfigurationPlatforms) = preSolution
		Debug|Any CPU = Debug|Any CPU
		Release|Any CPU = Release|Any CPU
	EndGlobalSection
	GlobalSection(ProjectConfigurationPlatforms) = postSolution
		{91387422-3A20-491C-A3CD-6B32C8DD076B}.Debug|Any CPU.ActiveCfg = Debug|Any CPU
		{91387422-3A20-491C-A3CD-6B32C8DD076B}.Debug|Any CPU.Build.0 = Debug|Any CPU
		{91387422-3A20-491C-A3CD-6B32C8DD076B}.Debug|Any CPU.Deploy.0 = Debug|Any CPU
		{91387422-3A20-491C-A3CD-6B32C8DD076B}.Release|Any CPU.ActiveCfg = Release|Any CPU
		{91387422-3A20-491C-A3CD-6B32C8DD076B}.Release|Any CPU.Build.0 = Release|Any CPU
		{91387422-3A20-491C-A3CD-6B32C8DD076B}.Release|Any CPU.Deploy.0 = Release|Any CPU
	EndGlobalSection
	GlobalSection(SolutionProperties) = preSolution
		HideSolutionNode = FALSE
	EndGlobalSection
	GlobalSection(ExtensibilityGlobals) = postSolution
		SolutionGuid = {478D9556-40B2-443C-B08F-C4238CF7534D}
	EndGlobalSection
EndGlobal
